
Microsoft Visual Studio Solution File, Format Version 12.00
# Visual Studio 15
VisualStudioVersion = 15.0.28010.2046
MinimumVisualStudioVersion = 10.0.40219.1
Project("{FAE04EC0-301F-11D3-BF4B-00C04F79EFBC}") = "Task1", "Task1\Task1.csproj", "{FC7DD365-32B3-4B70-883C-8274515998F9}"
EndProject
Project("{FAE04EC0-301F-11D3-BF4B-00C04F79EFBC}") = "Task2", "Task2\Task2.csproj", "{9A73953A-0C5E-4194-8129-46A2D4FAA0FB}"
EndProject
Project("{FAE04EC0-301F-11D3-BF4B-00C04F79EFBC}") = "Task3", "Task3\Task3.csproj", "{01A3CBDF-0898-4E26-9C6A-FFAB1AF71A8D}"
EndProject
Global
	GlobalSection(SolutionConfigurationPlatforms) = preSolution
		Debug|Any CPU = Debug|Any CPU
		Release|Any CPU = Release|Any CPU
	EndGlobalSection
	GlobalSection(ProjectConfigurationPlatforms) = postSolution
		{FC7DD365-32B3-4B70-883C-8274515998F9}.Debug|Any CPU.ActiveCfg = Debug|Any CPU
		{FC7DD365-32B3-4B70-883C-8274515998F9}.Debug|Any CPU.Build.0 = Debug|Any CPU
		{FC7DD365-32B3-4B70-883C-8274515998F9}.Release|Any CPU.ActiveCfg = Release|Any CPU
		{FC7DD365-32B3-4B70-883C-8274515998F9}.Release|Any CPU.Build.0 = Release|Any CPU
		{9A73953A-0C5E-4194-8129-46A2D4FAA0FB}.Debug|Any CPU.ActiveCfg = Debug|Any CPU
		{9A73953A-0C5E-4194-8129-46A2D4FAA0FB}.Debug|Any CPU.Build.0 = Debug|Any CPU
		{9A73953A-0C5E-4194-8129-46A2D4FAA0FB}.Release|Any CPU.ActiveCfg = Release|Any CPU
		{9A73953A-0C5E-4194-8129-46A2D4FAA0FB}.Release|Any CPU.Build.0 = Release|Any CPU
		{01A3CBDF-0898-4E26-9C6A-FFAB1AF71A8D}.Debug|Any CPU.ActiveCfg = Debug|Any CPU
		{01A3CBDF-0898-4E26-9C6A-FFAB1AF71A8D}.Debug|Any CPU.Build.0 = Debug|Any CPU
		{01A3CBDF-0898-4E26-9C6A-FFAB1AF71A8D}.Release|Any CPU.ActiveCfg = Release|Any CPU
		{01A3CBDF-0898-4E26-9C6A-FFAB1AF71A8D}.Release|Any CPU.Build.0 = Release|Any CPU
	EndGlobalSection
	GlobalSection(SolutionProperties) = preSolution
		HideSolutionNode = FALSE
	EndGlobalSection
	GlobalSection(ExtensibilityGlobals) = postSolution
		SolutionGuid = {00C45DF7-47A7-4DE2-99DA-6128A4E9F35E}
	EndGlobalSection
EndGlobal
